
Microsoft Visual Studio Solution File, Format Version 12.00
# Visual Studio Version 17
VisualStudioVersion = 17.11.35327.3
MinimumVisualStudioVersion = 10.0.40219.1
Project("{2150E333-8FDC-42A3-9474-1A3956D46DE8}") = "src", "src", "{9FEF1C9B-3ED3-4A9A-AAD1-6D5DB88C9733}"
EndProject
Project("{2150E333-8FDC-42A3-9474-1A3956D46DE8}") = "Solution Items", "Solution Items", "{BD9AB55D-8D00-4FEA-B65E-EAE3C6FA0F2A}"
	ProjectSection(SolutionItems) = preProject
		serviceUrls.txt = serviceUrls.txt
	EndProjectSection
EndProject
Project("{2150E333-8FDC-42A3-9474-1A3956D46DE8}") = "ApiGateways", "ApiGateways", "{A0C41CE7-D16B-4078-87A5-1F1293FCAF86}"
EndProject
Project("{2150E333-8FDC-42A3-9474-1A3956D46DE8}") = "BuildingBlocks", "BuildingBlocks", "{A73515C5-0BF7-4802-B1FF-1746BDDF967E}"
EndProject
Project("{2150E333-8FDC-42A3-9474-1A3956D46DE8}") = "Services", "Services", "{CE921769-D2B5-4AF6-9284-364336D70881}"
EndProject
Project("{2150E333-8FDC-42A3-9474-1A3956D46DE8}") = "Clients", "Clients", "{56613C8F-C0AC-42D3-915B-3CF726BBA143}"
EndProject
Project("{2150E333-8FDC-42A3-9474-1A3956D46DE8}") = "WebApiGateway", "WebApiGateway", "{1C22435C-8D43-4F15-B71A-988492437EDB}"
EndProject
Project("{9A19103F-16F7-4668-BE54-9A1E7A4F7556}") = "Web.ApiGateway", "src\ApiGateways\WebApiGateway\WebApiGateway\Web.ApiGateway.csproj", "{9A604770-2DB7-4744-8C6F-FC8E74497DC9}"
EndProject
Project("{2150E333-8FDC-42A3-9474-1A3956D46DE8}") = "EventBus", "EventBus", "{4E407A9A-C51B-4767-9CD8-85119123E2AB}"
EndProject
Project("{9A19103F-16F7-4668-BE54-9A1E7A4F7556}") = "EventBus.Base", "src\BuildingBlocks\EventBus\EventBus.Base\EventBus.Base.csproj", "{9BF7A15D-8ED2-446A-B3A3-CB4D1CCD4E6B}"
EndProject
Project("{9A19103F-16F7-4668-BE54-9A1E7A4F7556}") = "EventBus.Factory", "src\BuildingBlocks\EventBus\EventBusFactory\EventBus.Factory.csproj", "{E9800BE3-C95A-47C2-803C-9D177FF4F03F}"
EndProject
Project("{9A19103F-16F7-4668-BE54-9A1E7A4F7556}") = "EventBus.AzureServiceBus", "src\BuildingBlocks\EventBus\EventBus.AzureServiceBus\EventBus.AzureServiceBus.csproj", "{1314AA1E-31FF-46BD-95CA-52F6E4211ADA}"
EndProject
Project("{9A19103F-16F7-4668-BE54-9A1E7A4F7556}") = "EventBus.RabbitMQ", "src\BuildingBlocks\EventBus\EventBus.RabbitMQ\EventBus.RabbitMQ.csproj", "{3C8DE25E-633C-454E-8D95-DDDE1B6717C6}"
EndProject
Project("{2150E333-8FDC-42A3-9474-1A3956D46DE8}") = "BlazorWebApp", "BlazorWebApp", "{A3619F50-81A9-427A-8DE8-DCEE66AB6026}"
EndProject
Project("{9A19103F-16F7-4668-BE54-9A1E7A4F7556}") = "WebApp", "src\Clients\BlazorWebApp\WebApp\WebApp.csproj", "{E130CC0A-29DF-413A-9C33-8D079CD3FF6A}"
EndProject
Project("{2150E333-8FDC-42A3-9474-1A3956D46DE8}") = "BasketService", "BasketService", "{345DCD97-43F6-4A7C-A8C8-78803152FB1F}"
EndProject
Project("{9A19103F-16F7-4668-BE54-9A1E7A4F7556}") = "BasketService.Api", "src\Services\BasketService\BasketService.Api\BasketService.Api.csproj", "{2CCF831F-0015-49D5-99B4-0E9915E00DFA}"
EndProject
Project("{2150E333-8FDC-42A3-9474-1A3956D46DE8}") = "CatalogService", "CatalogService", "{2E9B8BCF-31AE-41A0-87DC-E88E01566054}"
EndProject
Project("{9A19103F-16F7-4668-BE54-9A1E7A4F7556}") = "CatalogService.Api", "src\Services\CatalogService\CatalogService.Api\CatalogService.Api.csproj", "{8AF3EBED-4AE0-48C7-8BC9-21C2519C7EAA}"
EndProject
Project("{2150E333-8FDC-42A3-9474-1A3956D46DE8}") = "IdentityService", "IdentityService", "{AC5CC84C-3651-4BE8-877A-CEC58269BE55}"
EndProject
Project("{9A19103F-16F7-4668-BE54-9A1E7A4F7556}") = "IdentityService.Api", "src\Services\IdentityService\IdentityService.Api\IdentityService.Api.csproj", "{0FB7084A-2996-441F-A3EF-2AB32622BC68}"
EndProject
Project("{2150E333-8FDC-42A3-9474-1A3956D46DE8}") = "NotificationService", "NotificationService", "{88580D42-3B22-4817-9298-3D5764D0D309}"
EndProject
Project("{9A19103F-16F7-4668-BE54-9A1E7A4F7556}") = "NotificationService", "src\Services\NotificationService\NotificationService\NotificationService.csproj", "{1E40EC85-3634-458A-ABA6-1A089EC2F6C7}"
EndProject
Project("{2150E333-8FDC-42A3-9474-1A3956D46DE8}") = "OrderService", "OrderService", "{F92653EF-5F69-47C0-A0D0-49036FBB22F4}"
EndProject
Project("{9A19103F-16F7-4668-BE54-9A1E7A4F7556}") = "OrderService.Api", "src\Services\OrderService\OrderService.Api\OrderService.Api.csproj", "{BE035DF6-CEE4-4FCC-8A4F-4BAA27D993AB}"
EndProject
Project("{9A19103F-16F7-4668-BE54-9A1E7A4F7556}") = "OrderService.Domain", "src\Services\OrderService\OrderService.Domain\OrderService.Domain.csproj", "{66F7AB35-7540-42B7-82CF-82E010223A80}"
EndProject
Project("{9A19103F-16F7-4668-BE54-9A1E7A4F7556}") = "OrderService.Application", "src\Services\OrderService\OrderService.Application\OrderService.Application.csproj", "{EE8E12B5-466A-42EB-BB30-23DA3CB6D212}"
EndProject
Project("{9A19103F-16F7-4668-BE54-9A1E7A4F7556}") = "OrderService.Persistance", "src\Services\OrderService\OrderService.Persistance\OrderService.Persistance.csproj", "{6AF795F8-75A6-4F6F-A9C0-DB7B51A5B270}"
EndProject
Project("{2150E333-8FDC-42A3-9474-1A3956D46DE8}") = "tests", "tests", "{C7B6723A-FE06-48FD-AFD0-8CAB76C4CE63}"
EndProject
Project("{2150E333-8FDC-42A3-9474-1A3956D46DE8}") = "BuildingBlocks", "BuildingBlocks", "{E475C669-5303-447E-8D2E-AA5398820462}"
EndProject
Project("{FAE04EC0-301F-11D3-BF4B-00C04F79EFBC}") = "EventBus.UnitTest", "tests\BuildingBlocks\EventBus.Test\EventBus.UnitTest\EventBus.UnitTest.csproj", "{0A32D190-3ECC-48A9-AE8F-3378F6FC5DCF}"
EndProject
Global
	GlobalSection(SolutionConfigurationPlatforms) = preSolution
		Debug|Any CPU = Debug|Any CPU
		Release|Any CPU = Release|Any CPU
	EndGlobalSection
	GlobalSection(ProjectConfigurationPlatforms) = postSolution
		{9A604770-2DB7-4744-8C6F-FC8E74497DC9}.Debug|Any CPU.ActiveCfg = Debug|Any CPU
		{9A604770-2DB7-4744-8C6F-FC8E74497DC9}.Debug|Any CPU.Build.0 = Debug|Any CPU
		{9A604770-2DB7-4744-8C6F-FC8E74497DC9}.Release|Any CPU.ActiveCfg = Release|Any CPU
		{9A604770-2DB7-4744-8C6F-FC8E74497DC9}.Release|Any CPU.Build.0 = Release|Any CPU
		{9BF7A15D-8ED2-446A-B3A3-CB4D1CCD4E6B}.Debug|Any CPU.ActiveCfg = Debug|Any CPU
		{9BF7A15D-8ED2-446A-B3A3-CB4D1CCD4E6B}.Debug|Any CPU.Build.0 = Debug|Any CPU
		{9BF7A15D-8ED2-446A-B3A3-CB4D1CCD4E6B}.Release|Any CPU.ActiveCfg = Release|Any CPU
		{9BF7A15D-8ED2-446A-B3A3-CB4D1CCD4E6B}.Release|Any CPU.Build.0 = Release|Any CPU
		{E9800BE3-C95A-47C2-803C-9D177FF4F03F}.Debug|Any CPU.ActiveCfg = Debug|Any CPU
		{E9800BE3-C95A-47C2-803C-9D177FF4F03F}.Debug|Any CPU.Build.0 = Debug|Any CPU
		{E9800BE3-C95A-47C2-803C-9D177FF4F03F}.Release|Any CPU.ActiveCfg = Release|Any CPU
		{E9800BE3-C95A-47C2-803C-9D177FF4F03F}.Release|Any CPU.Build.0 = Release|Any CPU
		{1314AA1E-31FF-46BD-95CA-52F6E4211ADA}.Debug|Any CPU.ActiveCfg = Debug|Any CPU
		{1314AA1E-31FF-46BD-95CA-52F6E4211ADA}.Debug|Any CPU.Build.0 = Debug|Any CPU
		{1314AA1E-31FF-46BD-95CA-52F6E4211ADA}.Release|Any CPU.ActiveCfg = Release|Any CPU
		{1314AA1E-31FF-46BD-95CA-52F6E4211ADA}.Release|Any CPU.Build.0 = Release|Any CPU
		{3C8DE25E-633C-454E-8D95-DDDE1B6717C6}.Debug|Any CPU.ActiveCfg = Debug|Any CPU
		{3C8DE25E-633C-454E-8D95-DDDE1B6717C6}.Debug|Any CPU.Build.0 = Debug|Any CPU
		{3C8DE25E-633C-454E-8D95-DDDE1B6717C6}.Release|Any CPU.ActiveCfg = Release|Any CPU
		{3C8DE25E-633C-454E-8D95-DDDE1B6717C6}.Release|Any CPU.Build.0 = Release|Any CPU
		{E130CC0A-29DF-413A-9C33-8D079CD3FF6A}.Debug|Any CPU.ActiveCfg = Debug|Any CPU
		{E130CC0A-29DF-413A-9C33-8D079CD3FF6A}.Debug|Any CPU.Build.0 = Debug|Any CPU
		{E130CC0A-29DF-413A-9C33-8D079CD3FF6A}.Release|Any CPU.ActiveCfg = Release|Any CPU
		{E130CC0A-29DF-413A-9C33-8D079CD3FF6A}.Release|Any CPU.Build.0 = Release|Any CPU
		{2CCF831F-0015-49D5-99B4-0E9915E00DFA}.Debug|Any CPU.ActiveCfg = Debug|Any CPU
		{2CCF831F-0015-49D5-99B4-0E9915E00DFA}.Debug|Any CPU.Build.0 = Debug|Any CPU
		{2CCF831F-0015-49D5-99B4-0E9915E00DFA}.Release|Any CPU.ActiveCfg = Release|Any CPU
		{2CCF831F-0015-49D5-99B4-0E9915E00DFA}.Release|Any CPU.Build.0 = Release|Any CPU
		{8AF3EBED-4AE0-48C7-8BC9-21C2519C7EAA}.Debug|Any CPU.ActiveCfg = Debug|Any CPU
		{8AF3EBED-4AE0-48C7-8BC9-21C2519C7EAA}.Debug|Any CPU.Build.0 = Debug|Any CPU
		{8AF3EBED-4AE0-48C7-8BC9-21C2519C7EAA}.Release|Any CPU.ActiveCfg = Release|Any CPU
		{8AF3EBED-4AE0-48C7-8BC9-21C2519C7EAA}.Release|Any CPU.Build.0 = Release|Any CPU
		{0FB7084A-2996-441F-A3EF-2AB32622BC68}.Debug|Any CPU.ActiveCfg = Debug|Any CPU
		{0FB7084A-2996-441F-A3EF-2AB32622BC68}.Debug|Any CPU.Build.0 = Debug|Any CPU
		{0FB7084A-2996-441F-A3EF-2AB32622BC68}.Release|Any CPU.ActiveCfg = Release|Any CPU
		{0FB7084A-2996-441F-A3EF-2AB32622BC68}.Release|Any CPU.Build.0 = Release|Any CPU
		{1E40EC85-3634-458A-ABA6-1A089EC2F6C7}.Debug|Any CPU.ActiveCfg = Debug|Any CPU
		{1E40EC85-3634-458A-ABA6-1A089EC2F6C7}.Debug|Any CPU.Build.0 = Debug|Any CPU
		{1E40EC85-3634-458A-ABA6-1A089EC2F6C7}.Release|Any CPU.ActiveCfg = Release|Any CPU
		{1E40EC85-3634-458A-ABA6-1A089EC2F6C7}.Release|Any CPU.Build.0 = Release|Any CPU
		{BE035DF6-CEE4-4FCC-8A4F-4BAA27D993AB}.Debug|Any CPU.ActiveCfg = Debug|Any CPU
		{BE035DF6-CEE4-4FCC-8A4F-4BAA27D993AB}.Debug|Any CPU.Build.0 = Debug|Any CPU
		{BE035DF6-CEE4-4FCC-8A4F-4BAA27D993AB}.Release|Any CPU.ActiveCfg = Release|Any CPU
		{BE035DF6-CEE4-4FCC-8A4F-4BAA27D993AB}.Release|Any CPU.Build.0 = Release|Any CPU
		{66F7AB35-7540-42B7-82CF-82E010223A80}.Debug|Any CPU.ActiveCfg = Debug|Any CPU
		{66F7AB35-7540-42B7-82CF-82E010223A80}.Debug|Any CPU.Build.0 = Debug|Any CPU
		{66F7AB35-7540-42B7-82CF-82E010223A80}.Release|Any CPU.ActiveCfg = Release|Any CPU
		{66F7AB35-7540-42B7-82CF-82E010223A80}.Release|Any CPU.Build.0 = Release|Any CPU
		{EE8E12B5-466A-42EB-BB30-23DA3CB6D212}.Debug|Any CPU.ActiveCfg = Debug|Any CPU
		{EE8E12B5-466A-42EB-BB30-23DA3CB6D212}.Debug|Any CPU.Build.0 = Debug|Any CPU
		{EE8E12B5-466A-42EB-BB30-23DA3CB6D212}.Release|Any CPU.ActiveCfg = Release|Any CPU
		{EE8E12B5-466A-42EB-BB30-23DA3CB6D212}.Release|Any CPU.Build.0 = Release|Any CPU
		{6AF795F8-75A6-4F6F-A9C0-DB7B51A5B270}.Debug|Any CPU.ActiveCfg = Debug|Any CPU
		{6AF795F8-75A6-4F6F-A9C0-DB7B51A5B270}.Debug|Any CPU.Build.0 = Debug|Any CPU
		{6AF795F8-75A6-4F6F-A9C0-DB7B51A5B270}.Release|Any CPU.ActiveCfg = Release|Any CPU
		{6AF795F8-75A6-4F6F-A9C0-DB7B51A5B270}.Release|Any CPU.Build.0 = Release|Any CPU
		{0A32D190-3ECC-48A9-AE8F-3378F6FC5DCF}.Debug|Any CPU.ActiveCfg = Debug|Any CPU
		{0A32D190-3ECC-48A9-AE8F-3378F6FC5DCF}.Debug|Any CPU.Build.0 = Debug|Any CPU
		{0A32D190-3ECC-48A9-AE8F-3378F6FC5DCF}.Release|Any CPU.ActiveCfg = Release|Any CPU
		{0A32D190-3ECC-48A9-AE8F-3378F6FC5DCF}.Release|Any CPU.Build.0 = Release|Any CPU
	EndGlobalSection
	GlobalSection(SolutionProperties) = preSolution
		HideSolutionNode = FALSE
	EndGlobalSection
	GlobalSection(NestedProjects) = preSolution
		{A0C41CE7-D16B-4078-87A5-1F1293FCAF86} = {9FEF1C9B-3ED3-4A9A-AAD1-6D5DB88C9733}
		{A73515C5-0BF7-4802-B1FF-1746BDDF967E} = {9FEF1C9B-3ED3-4A9A-AAD1-6D5DB88C9733}
		{CE921769-D2B5-4AF6-9284-364336D70881} = {9FEF1C9B-3ED3-4A9A-AAD1-6D5DB88C9733}
		{56613C8F-C0AC-42D3-915B-3CF726BBA143} = {9FEF1C9B-3ED3-4A9A-AAD1-6D5DB88C9733}
		{1C22435C-8D43-4F15-B71A-988492437EDB} = {A0C41CE7-D16B-4078-87A5-1F1293FCAF86}
		{9A604770-2DB7-4744-8C6F-FC8E74497DC9} = {1C22435C-8D43-4F15-B71A-988492437EDB}
		{4E407A9A-C51B-4767-9CD8-85119123E2AB} = {A73515C5-0BF7-4802-B1FF-1746BDDF967E}
		{9BF7A15D-8ED2-446A-B3A3-CB4D1CCD4E6B} = {4E407A9A-C51B-4767-9CD8-85119123E2AB}
		{E9800BE3-C95A-47C2-803C-9D177FF4F03F} = {4E407A9A-C51B-4767-9CD8-85119123E2AB}
		{1314AA1E-31FF-46BD-95CA-52F6E4211ADA} = {4E407A9A-C51B-4767-9CD8-85119123E2AB}
		{3C8DE25E-633C-454E-8D95-DDDE1B6717C6} = {4E407A9A-C51B-4767-9CD8-85119123E2AB}
		{A3619F50-81A9-427A-8DE8-DCEE66AB6026} = {56613C8F-C0AC-42D3-915B-3CF726BBA143}
		{E130CC0A-29DF-413A-9C33-8D079CD3FF6A} = {A3619F50-81A9-427A-8DE8-DCEE66AB6026}
		{345DCD97-43F6-4A7C-A8C8-78803152FB1F} = {CE921769-D2B5-4AF6-9284-364336D70881}
		{2CCF831F-0015-49D5-99B4-0E9915E00DFA} = {345DCD97-43F6-4A7C-A8C8-78803152FB1F}
		{2E9B8BCF-31AE-41A0-87DC-E88E01566054} = {CE921769-D2B5-4AF6-9284-364336D70881}
		{8AF3EBED-4AE0-48C7-8BC9-21C2519C7EAA} = {2E9B8BCF-31AE-41A0-87DC-E88E01566054}
		{AC5CC84C-3651-4BE8-877A-CEC58269BE55} = {CE921769-D2B5-4AF6-9284-364336D70881}
		{0FB7084A-2996-441F-A3EF-2AB32622BC68} = {AC5CC84C-3651-4BE8-877A-CEC58269BE55}
		{88580D42-3B22-4817-9298-3D5764D0D309} = {CE921769-D2B5-4AF6-9284-364336D70881}
		{1E40EC85-3634-458A-ABA6-1A089EC2F6C7} = {88580D42-3B22-4817-9298-3D5764D0D309}
		{F92653EF-5F69-47C0-A0D0-49036FBB22F4} = {CE921769-D2B5-4AF6-9284-364336D70881}
		{BE035DF6-CEE4-4FCC-8A4F-4BAA27D993AB} = {F92653EF-5F69-47C0-A0D0-49036FBB22F4}
		{66F7AB35-7540-42B7-82CF-82E010223A80} = {F92653EF-5F69-47C0-A0D0-49036FBB22F4}
		{EE8E12B5-466A-42EB-BB30-23DA3CB6D212} = {F92653EF-5F69-47C0-A0D0-49036FBB22F4}
		{6AF795F8-75A6-4F6F-A9C0-DB7B51A5B270} = {F92653EF-5F69-47C0-A0D0-49036FBB22F4}
		{E475C669-5303-447E-8D2E-AA5398820462} = {C7B6723A-FE06-48FD-AFD0-8CAB76C4CE63}
		{0A32D190-3ECC-48A9-AE8F-3378F6FC5DCF} = {E475C669-5303-447E-8D2E-AA5398820462}
	EndGlobalSection
	GlobalSection(ExtensibilityGlobals) = postSolution
		SolutionGuid = {5213B331-7175-4095-9F01-2EB09CD48214}
	EndGlobalSection
EndGlobal
